
Microsoft Visual Studio Solution File, Format Version 12.00
# Visual Studio Version 16
VisualStudioVersion = 16.0.29721.120
MinimumVisualStudioVersion = 10.0.40219.1
Project("{FAE04EC0-301F-11D3-BF4B-00C04F79EFBC}") = "ConsoleApp1", "ConsoleApp1\ConsoleApp1.csproj", "{850F4348-4B10-4885-B81C-DF0D0A0CE50A}"
EndProject
Global
	GlobalSection(SolutionConfigurationPlatforms) = preSolution
		Debug|Any CPU = Debug|Any CPU
		Release|Any CPU = Release|Any CPU
	EndGlobalSection
	GlobalSection(ProjectConfigurationPlatforms) = postSolution
		{850F4348-4B10-4885-B81C-DF0D0A0CE50A}.Debug|Any CPU.ActiveCfg = Debug|Any CPU
		{850F4348-4B10-4885-B81C-DF0D0A0CE50A}.Debug|Any CPU.Build.0 = Debug|Any CPU
		{850F4348-4B10-4885-B81C-DF0D0A0CE50A}.Release|Any CPU.ActiveCfg = Release|Any CPU
		{850F4348-4B10-4885-B81C-DF0D0A0CE50A}.Release|Any CPU.Build.0 = Release|Any CPU
	EndGlobalSection
	GlobalSection(SolutionProperties) = preSolution
		HideSolutionNode = FALSE
	EndGlobalSection
	GlobalSection(ExtensibilityGlobals) = postSolution
		SolutionGuid = {E7396830-0528-48C7-A504-446379097158}
	EndGlobalSection
EndGlobal
