
Microsoft Visual Studio Solution File, Format Version 12.00
# Visual Studio Version 16
VisualStudioVersion = 16.0.29721.120
MinimumVisualStudioVersion = 10.0.40219.1
Project("{FAE04EC0-301F-11D3-BF4B-00C04F79EFBC}") = "ConsoleApp1", "ConsoleApp1\ConsoleApp1.csproj", "{7677B226-ACAA-46DE-B7F5-B2D6F99A3D1D}"
EndProject
Global
	GlobalSection(SolutionConfigurationPlatforms) = preSolution
		Debug|Any CPU = Debug|Any CPU
		Release|Any CPU = Release|Any CPU
	EndGlobalSection
	GlobalSection(ProjectConfigurationPlatforms) = postSolution
		{7677B226-ACAA-46DE-B7F5-B2D6F99A3D1D}.Debug|Any CPU.ActiveCfg = Debug|Any CPU
		{7677B226-ACAA-46DE-B7F5-B2D6F99A3D1D}.Debug|Any CPU.Build.0 = Debug|Any CPU
		{7677B226-ACAA-46DE-B7F5-B2D6F99A3D1D}.Release|Any CPU.ActiveCfg = Release|Any CPU
		{7677B226-ACAA-46DE-B7F5-B2D6F99A3D1D}.Release|Any CPU.Build.0 = Release|Any CPU
	EndGlobalSection
	GlobalSection(SolutionProperties) = preSolution
		HideSolutionNode = FALSE
	EndGlobalSection
	GlobalSection(ExtensibilityGlobals) = postSolution
		SolutionGuid = {FEE5FC03-F4EF-49B5-9044-517F2DE55661}
	EndGlobalSection
EndGlobal
